
Microsoft Visual Studio Solution File, Format Version 12.00
# Visual Studio 2013
VisualStudioVersion = 12.0.21005.1
MinimumVisualStudioVersion = 10.0.40219.1
Project("{FAE04EC0-301F-11D3-BF4B-00C04F79EFBC}") = "NetworkCore", "NetworkCore\NetworkCore.csproj", "{4DD47E6C-D902-4BE1-AEDF-E72A1A662198}"
EndProject
Project("{FAE04EC0-301F-11D3-BF4B-00C04F79EFBC}") = "NetworkTest", "NetworkTest\NetworkTest.csproj", "{04837341-FDC1-4850-A19C-A29FC16054C3}"
EndProject
Global
	GlobalSection(SolutionConfigurationPlatforms) = preSolution
		Debug|Any CPU = Debug|Any CPU
		Release|Any CPU = Release|Any CPU
	EndGlobalSection
	GlobalSection(ProjectConfigurationPlatforms) = postSolution
		{4DD47E6C-D902-4BE1-AEDF-E72A1A662198}.Debug|Any CPU.ActiveCfg = Debug|Any CPU
		{4DD47E6C-D902-4BE1-AEDF-E72A1A662198}.Debug|Any CPU.Build.0 = Debug|Any CPU
		{4DD47E6C-D902-4BE1-AEDF-E72A1A662198}.Release|Any CPU.ActiveCfg = Release|Any CPU
		{4DD47E6C-D902-4BE1-AEDF-E72A1A662198}.Release|Any CPU.Build.0 = Release|Any CPU
		{04837341-FDC1-4850-A19C-A29FC16054C3}.Debug|Any CPU.ActiveCfg = Debug|Any CPU
		{04837341-FDC1-4850-A19C-A29FC16054C3}.Debug|Any CPU.Build.0 = Debug|Any CPU
		{04837341-FDC1-4850-A19C-A29FC16054C3}.Release|Any CPU.ActiveCfg = Release|Any CPU
		{04837341-FDC1-4850-A19C-A29FC16054C3}.Release|Any CPU.Build.0 = Release|Any CPU
	EndGlobalSection
	GlobalSection(SolutionProperties) = preSolution
		HideSolutionNode = FALSE
	EndGlobalSection
EndGlobal
