
Microsoft Visual Studio Solution File, Format Version 12.00
# Visual Studio 11
Project("{FAE04EC0-301F-11D3-BF4B-00C04F79EFBC}") = "zhr", "zhr\zhr.csproj", "{CFB6586F-36D7-4068-B845-C8CC452A0B36}"
EndProject
Global
	GlobalSection(SolutionConfigurationPlatforms) = preSolution
		Debug|Any CPU = Debug|Any CPU
		Release|Any CPU = Release|Any CPU
	EndGlobalSection
	GlobalSection(ProjectConfigurationPlatforms) = postSolution
		{CFB6586F-36D7-4068-B845-C8CC452A0B36}.Debug|Any CPU.ActiveCfg = Debug|Any CPU
		{CFB6586F-36D7-4068-B845-C8CC452A0B36}.Debug|Any CPU.Build.0 = Debug|Any CPU
		{CFB6586F-36D7-4068-B845-C8CC452A0B36}.Release|Any CPU.ActiveCfg = Release|Any CPU
		{CFB6586F-36D7-4068-B845-C8CC452A0B36}.Release|Any CPU.Build.0 = Release|Any CPU
	EndGlobalSection
	GlobalSection(SolutionProperties) = preSolution
		HideSolutionNode = FALSE
	EndGlobalSection
EndGlobal
